dependencies:
- name: kube-prometheus-stack
  repository: oci://ghcr.io/prometheus-community/charts
  version: 57.0.3
- name: stream-processors
  repository: oci://ghcr.io/miracum/charts
  version: 1.6.1
- name: strimzi-kafka-operator
  repository: oci://quay.io/strimzi-helm
  version: 0.45.0
digest: sha256:1060bad51a4b395fd8d195e9f3e9e79cd66a6b2e7cc58e51700aa30aaa800307
generated: "2025-01-21T10:18:47.281393236+01:00"
